
Microsoft Visual Studio Solution File, Format Version 12.00
# Visual Studio Version 17
VisualStudioVersion = 17.5.002.0
MinimumVisualStudioVersion = 10.0.40219.1
EndProject
Project("{FAE04EC0-301F-11D3-BF4B-00C04F79EFBC}") = "SnowflakePS", "SnowflakePS\SnowflakePS.csproj", "{8524527D-BFB9-4F53-89EB-81C6B498CC16}"
EndProject
Project("{FAE04EC0-301F-11D3-BF4B-00C04F79EFBC}") = "SnowflakePSTest", "SnowflakePSTest\SnowflakePSTest.csproj", "{A5498494-B0E3-43C5-8AFC-F8A141C8ACC1}"
EndProject
Global
	GlobalSection(SolutionConfigurationPlatforms) = preSolution
		Debug|Any CPU = Debug|Any CPU
		Release|Any CPU = Release|Any CPU
	EndGlobalSection
	GlobalSection(ProjectConfigurationPlatforms) = postSolution
		{436C5FA8-F97B-4FB8-ACFB-3D6763AC7E18}.Debug|Any CPU.ActiveCfg = Debug|Any CPU
		{436C5FA8-F97B-4FB8-ACFB-3D6763AC7E18}.Debug|Any CPU.Build.0 = Debug|Any CPU
		{436C5FA8-F97B-4FB8-ACFB-3D6763AC7E18}.Release|Any CPU.ActiveCfg = Release|Any CPU
		{436C5FA8-F97B-4FB8-ACFB-3D6763AC7E18}.Release|Any CPU.Build.0 = Release|Any CPU
		{8524527D-BFB9-4F53-89EB-81C6B498CC16}.Debug|Any CPU.ActiveCfg = Debug|Any CPU
		{8524527D-BFB9-4F53-89EB-81C6B498CC16}.Debug|Any CPU.Build.0 = Debug|Any CPU
		{8524527D-BFB9-4F53-89EB-81C6B498CC16}.Release|Any CPU.ActiveCfg = Release|Any CPU
		{8524527D-BFB9-4F53-89EB-81C6B498CC16}.Release|Any CPU.Build.0 = Release|Any CPU
		{A5498494-B0E3-43C5-8AFC-F8A141C8ACC1}.Debug|Any CPU.ActiveCfg = Debug|Any CPU
		{A5498494-B0E3-43C5-8AFC-F8A141C8ACC1}.Debug|Any CPU.Build.0 = Debug|Any CPU
		{A5498494-B0E3-43C5-8AFC-F8A141C8ACC1}.Release|Any CPU.ActiveCfg = Release|Any CPU
		{A5498494-B0E3-43C5-8AFC-F8A141C8ACC1}.Release|Any CPU.Build.0 = Release|Any CPU
	EndGlobalSection
	GlobalSection(SolutionProperties) = preSolution
		HideSolutionNode = FALSE
	EndGlobalSection
	GlobalSection(ExtensibilityGlobals) = postSolution
		SolutionGuid = {E4A1F145-9584-4577-B6C1-B56707E4E630}
	EndGlobalSection
EndGlobal
